// !$*UTF8*$!
{
	archiveVersion = 1;
	classes = {
	};
	objectVersion = 50;
	objects = {

/* Begin PBXBuildFile section */
		4097A7A0217E36D500E6AEB3 /* AppDelegate.swift in Sources */ = {isa = PBXBuildFile; fileRef = 4097A79F217E36D500E6AEB3 /* AppDelegate.swift */; };
		4097A7A2217E36D500E6AEB3 /* ViewController.swift in Sources */ = {isa = PBXBuildFile; fileRef = 4097A7A1217E36D500E6AEB3 /* ViewController.swift */; };
		4097A7A5217E36D500E6AEB3 /* Main.storyboard in Resources */ = {isa = PBXBuildFile; fileRef = 4097A7A3217E36D500E6AEB3 /* Main.storyboard */; };
		4097A7A7217E36D500E6AEB3 /* Assets.xcassets in Resources */ = {isa = PBXBuildFile; fileRef = 4097A7A6217E36D500E6AEB3 /* Assets.xcassets */; };
		4097A7AA217E36D500E6AEB3 /* LaunchScreen.storyboard in Resources */ = {isa = PBXBuildFile; fileRef = 4097A7A8217E36D500E6AEB3 /* LaunchScreen.storyboard */; };
		6FC3187B3972A7E6705C4D4E /* libPods-SimpleVote.a in Frameworks */ = {isa = PBXBuildFile; fileRef = E6964864C7E4C41575685AF2 /* libPods-SimpleVote.a */; };
/* End PBXBuildFile section */

/* Begin PBXFileReference section */
		4097A79C217E36D500E6AEB3 /* SimpleVote.app */ = {isa = PBXFileReference; explicitFileType = wrapper.application; includeInIndex = 0; path = SimpleVote.app; sourceTree = BUILT_PRODUCTS_DIR; };
		4097A79F217E36D500E6AEB3 /* AppDelegate.swift */ = {isa = PBXFileReference; lastKnownFileType = sourcecode.swift; path = AppDelegate.swift; sourceTree = "<group>"; };
		4097A7A1217E36D500E6AEB3 /* ViewController.swift */ = {isa = PBXFileReference; lastKnownFileType = sourcecode.swift; path = ViewController.swift; sourceTree = "<group>"; };
		4097A7A4217E36D500E6AEB3 /* Base */ = {isa = PBXFileReference; lastKnownFileType = file.storyboard; name = Base; path = Base.lproj/Main.storyboard; sourceTree = "<group>"; };
		4097A7A6217E36D500E6AEB3 /* Assets.xcassets */ = {isa = PBXFileReference; lastKnownFileType = folder.assetcatalog; path = Assets.xcassets; sourceTree = "<group>"; };
		4097A7A9217E36D500E6AEB3 /* Base */ = {isa = PBXFileReference; lastKnownFileType = file.storyboard; name = Base; path = Base.lproj/LaunchScreen.storyboard; sourceTree = "<group>"; };
		4097A7AB217E36D500E6AEB3 /* Info.plist */ = {isa = PBXFileReference; lastKnownFileType = text.plist.xml; path = Info.plist; sourceTree = "<group>"; };
		59B226BF5493DC1669E49586 /* Pods-SimpleVote.release.xcconfig */ = {isa = PBXFileReference; includeInIndex = 1; lastKnownFileType = text.xcconfig; name = "Pods-SimpleVote.release.xcconfig"; path = "Pods/Target Support Files/Pods-SimpleVote/Pods-SimpleVote.release.xcconfig"; sourceTree = "<group>"; };
		E6964864C7E4C41575685AF2 /* libPods-SimpleVote.a */ = {isa = PBXFileReference; explicitFileType = archive.ar; includeInIndex = 0; path = "libPods-SimpleVote.a"; sourceTree = BUILT_PRODUCTS_DIR; };
		EE5AD6798F5041BC633B0869 /* Pods-SimpleVote.debug.xcconfig */ = {isa = PBXFileReference; includeInIndex = 1; lastKnownFileType = text.xcconfig; name = "Pods-SimpleVote.debug.xcconfig"; path = "Pods/Target Support Files/Pods-SimpleVote/Pods-SimpleVote.debug.xcconfig"; sourceTree = "<group>"; };
/* End PBXFileReference section */

/* Begin PBXFrameworksBuildPhase section */
		4097A799217E36D500E6AEB3 /* Frameworks */ = {
			isa = PBXFrameworksBuildPhase;
			buildActionMask = 2147483647;
			files = (
				6FC3187B3972A7E6705C4D4E /* libPods-SimpleVote.a in Frameworks */,
			);
			runOnlyForDeploymentPostprocessing = 0;
		};
/* End PBXFrameworksBuildPhase section */

/* Begin PBXGroup section */
		4097A793217E36D500E6AEB3 = {
			isa = PBXGroup;
			children = (
				4097A79E217E36D500E6AEB3 /* SimpleVote */,
				4097A79D217E36D500E6AEB3 /* Products */,
				479F63DB681B20ED9A1A871B /* Pods */,
				9658F88B9ADB0161DF6812C5 /* Frameworks */,
			);
			sourceTree = "<group>";
		};
		4097A79D217E36D500E6AEB3 /* Products */ = {
			isa = PBXGroup;
			children = (
				4097A79C217E36D500E6AEB3 /* SimpleVote.app */,
			);
			name = Products;
			sourceTree = "<group>";
		};
		4097A79E217E36D500E6AEB3 /* SimpleVote */ = {
			isa = PBXGroup;
			children = (
				4097A79F217E36D500E6AEB3 /* AppDelegate.swift */,
				4097A7A1217E36D500E6AEB3 /* ViewController.swift */,
				4097A7A3217E36D500E6AEB3 /* Main.storyboard */,
				4097A7A6217E36D500E6AEB3 /* Assets.xcassets */,
				4097A7A8217E36D500E6AEB3 /* LaunchScreen.storyboard */,
				4097A7AB217E36D500E6AEB3 /* Info.plist */,
			);
			path = SimpleVote;
			sourceTree = "<group>";
		};
		479F63DB681B20ED9A1A871B /* Pods */ = {
			isa = PBXGroup;
			children = (
				EE5AD6798F5041BC633B0869 /* Pods-SimpleVote.debug.xcconfig */,
				59B226BF5493DC1669E49586 /* Pods-SimpleVote.release.xcconfig */,
			);
			name = Pods;
			sourceTree = "<group>";
		};
		9658F88B9ADB0161DF6812C5 /* Frameworks */ = {
			isa = PBXGroup;
			children = (
				E6964864C7E4C41575685AF2 /* libPods-SimpleVote.a */,
			);
			name = Frameworks;
			sourceTree = "<group>";
		};
/* End PBXGroup section */

/* Begin PBXNativeTarget section */
		4097A79B217E36D500E6AEB3 /* SimpleVote */ = {
			isa = PBXNativeTarget;
			buildConfigurationList = 4097A7AE217E36D500E6AEB3 /* Build configuration list for PBXNativeTarget "SimpleVote" */;
			buildPhases = (
				7805E4AEAA71F012610FACE1 /* [CP] Check Pods Manifest.lock */,
				4097A798217E36D500E6AEB3 /* Sources */,
				4097A799217E36D500E6AEB3 /* Frameworks */,
				4097A79A217E36D500E6AEB3 /* Resources */,
			);
			buildRules = (
			);
			dependencies = (
			);
			name = SimpleVote;
			productName = SimpleVote;
			productReference = 4097A79C217E36D500E6AEB3 /* SimpleVote.app */;
			productType = "com.apple.product-type.application";
		};
/* End PBXNativeTarget section */

/* Begin PBXProject section */
		4097A794217E36D500E6AEB3 /* Project object */ = {
			isa = PBXProject;
			attributes = {
				LastSwiftUpdateCheck = 1000;
				LastUpgradeCheck = 1000;
				ORGANIZATIONNAME = "Luke Gao";
				TargetAttributes = {
					4097A79B217E36D500E6AEB3 = {
						CreatedOnToolsVersion = 10.0;
					};
				};
			};
			buildConfigurationList = 4097A797217E36D500E6AEB3 /* Build configuration list for PBXProject "SimpleVote" */;
			compatibilityVersion = "Xcode 9.3";
			developmentRegion = en;
			hasScannedForEncodings = 0;
			knownRegions = (
				en,
				Base,
			);
			mainGroup = 4097A793217E36D500E6AEB3;
			productRefGroup = 4097A79D217E36D500E6AEB3 /* Products */;
			projectDirPath = "";
			projectRoot = "";
			targets = (
				4097A79B217E36D500E6AEB3 /* SimpleVote */,
			);
		};
/* End PBXProject section */

/* Begin PBXResourcesBuildPhase section */
		4097A79A217E36D500E6AEB3 /* Resources */ = {
			isa = PBXResourcesBuildPhase;
			buildActionMask = 2147483647;
			files = (
				4097A7AA217E36D500E6AEB3 /* LaunchScreen.storyboard in Resources */,
				4097A7A7217E36D500E6AEB3 /* Assets.xcassets in Resources */,
				4097A7A5217E36D500E6AEB3 /* Main.storyboard in Resources */,
			);
			runOnlyForDeploymentPostprocessing = 0;
		};
/* End PBXResourcesBuildPhase section */

/* Begin PBXShellScriptBuildPhase section */
		7805E4AEAA71F012610FACE1 /* [CP] Check Pods Manifest.lock */ = {
			isa = PBXShellScriptBuildPhase;
			buildActionMask = 2147483647;
			files = (
			);
			inputFileListPaths = (
			);
			inputPaths = (
				"${PODS_PODFILE_DIR_PATH}/Podfile.lock",
				"${PODS_ROOT}/Manifest.lock",
			);
			name = "[CP] Check Pods Manifest.lock";
			outputFileListPaths = (
			);
			outputPaths = (
				"$(DERIVED_FILE_DIR)/Pods-SimpleVote-checkManifestLockResult.txt",
			);
			runOnlyForDeploymentPostprocessing = 0;
			shellPath = /bin/sh;
			shellScript = "diff \"${PODS_PODFILE_DIR_PATH}/Podfile.lock\" \"${PODS_ROOT}/Manifest.lock\" > /dev/null\nif [ $? != 0 ] ; then\n    # print error to STDERR\n    echo \"error: The sandbox is not in sync with the Podfile.lock. Run 'pod install' or update your CocoaPods installation.\" >&2\n    exit 1\nfi\n# This output is used by Xcode 'outputs' to avoid re-running this script phase.\necho \"SUCCESS\" > \"${SCRIPT_OUTPUT_FILE_0}\"\n";
			showEnvVarsInLog = 0;
		};
/* End PBXShellScriptBuildPhase section */

/* Begin PBXSourcesBuildPhase section */
		4097A798217E36D500E6AEB3 /* Sources */ = {
			isa = PBXSourcesBuildPhase;
			buildActionMask = 2147483647;
			files = (
				4097A7A2217E36D500E6AEB3 /* ViewController.swift in Sources */,
				4097A7A0217E36D500E6AEB3 /* AppDelegate.swift in Sources */,
			);
			runOnlyForDeploymentPostprocessing = 0;
		};
/* End PBXSourcesBuildPhase section */

/* Begin PBXVariantGroup section */
		4097A7A3217E36D500E6AEB3 /* Main.storyboard */ = {
			isa = PBXVariantGroup;
			children = (
				4097A7A4217E36D500E6AEB3 /* Base */,
			);
			name = Main.storyboard;
			sourceTree = "<group>";
		};
		4097A7A8217E36D500E6AEB3 /* LaunchScreen.storyboard */ = {
			isa = PBXVariantGroup;
			children = (
				4097A7A9217E36D500E6AEB3 /* Base */,
			);
			name = LaunchScreen.storyboard;
			sourceTree = "<group>";
		};
/* End PBXVariantGroup section */

/* Begin XCBuildConfiguration section */
		4097A7AC217E36D500E6AEB3 /* Debug */ = {
			isa = XCBuildConfiguration;
			buildSettings = {
				ALWAYS_SEARCH_USER_PATHS = NO;
				CLANG_ANALYZER_NONNULL = YES;
				CLANG_ANALYZER_NUMBER_OBJECT_CONVERSION = YES_AGGRESSIVE;
				CLANG_CXX_LANGUAGE_STANDARD = "gnu++14";
				CLANG_CXX_LIBRARY = "libc++";
				CLANG_ENABLE_MODULES = YES;
				CLANG_ENABLE_OBJC_ARC = YES;
				CLANG_ENABLE_OBJC_WEAK = YES;
				CLANG_WARN_BLOCK_CAPTURE_AUTORELEASING = YES;
				CLANG_WARN_BOOL_CONVERSION = YES;
				CLANG_WARN_COMMA = YES;
				CLANG_WARN_CONSTANT_CONVERSION = YES;
				CLANG_WARN_DEPRECATED_OBJC_IMPLEMENTATIONS = YES;
				CLANG_WARN_DIRECT_OBJC_ISA_USAGE = YES_ERROR;
				CLANG_WARN_DOCUMENTATION_COMMENTS = YES;
				CLANG_WARN_EMPTY_BODY = YES;
				CLANG_WARN_ENUM_CONVERSION = YES;
				CLANG_WARN_INFINITE_RECURSION = YES;
				CLANG_WARN_INT_CONVERSION = YES;
				CLANG_WARN_NON_LITERAL_NULL_CONVERSION = YES;
				CLANG_WARN_OBJC_IMPLICIT_RETAIN_SELF = YES;
				CLANG_WARN_OBJC_LITERAL_CONVERSION = YES;
				CLANG_WARN_OBJC_ROOT_CLASS = YES_ERROR;
				CLANG_WARN_RANGE_LOOP_ANALYSIS = YES;
				CLANG_WARN_STRICT_PROTOTYPES = YES;
				CLANG_WARN_SUSPICIOUS_MOVE = YES;
				CLANG_WARN_UNGUARDED_AVAILABILITY = YES_AGGRESSIVE;
				CLANG_WARN_UNREACHABLE_CODE = YES;
				CLANG_WARN__DUPLICATE_METHOD_MATCH = YES;
				CODE_SIGN_IDENTITY = "iPhone Developer";
				COPY_PHASE_STRIP = NO;
				DEBUG_INFORMATION_FORMAT = dwarf;
				ENABLE_STRICT_OBJC_MSGSEND = YES;
				ENABLE_TESTABILITY = YES;
				GCC_C_LANGUAGE_STANDARD = gnu11;
				GCC_DYNAMIC_NO_PIC = NO;
				GCC_NO_COMMON_BLOCKS = YES;
				GCC_OPTIMIZATION_LEVEL = 0;
				GCC_PREPROCESSOR_DEFINITIONS = (
					"DEBUG=1",
					"$(inherited)",
				);
				GCC_WARN_64_TO_32_BIT_CONVERSION = YES;
				GCC_WARN_ABOUT_RETURN_TYPE = YES_ERROR;
				GCC_WARN_UNDECLARED_SELECTOR = YES;
				GCC_WARN_UNINITIALIZED_AUTOS = YES_AGGRESSIVE;
				GCC_WARN_UNUSED_FUNCTION = YES;
				GCC_WARN_UNUSED_VARIABLE = YES;
				IPHONEOS_DEPLOYMENT_TARGET = 12.0;
				MTL_ENABLE_DEBUG_INFO = INCLUDE_SOURCE;
				MTL_FAST_MATH = YES;
				ONLY_ACTIVE_ARCH = YES;
				SDKROOT = iphoneos;
				SWIFT_ACTIVE_COMPILATION_CONDITIONS = DEBUG;
				SWIFT_OPTIMIZATION_LEVEL = "-Onone";
			};
			name = Debug;
		};
		4097A7AD217E36D500E6AEB3 /* Release */ = {
			isa = XCBuildConfiguration;
			buildSettings = {
				ALWAYS_SEARCH_USER_PATHS = NO;
				CLANG_ANALYZER_NONNULL = YES;
				CLANG_ANALYZER_NUMBER_OBJECT_CONVERSION = YES_AGGRESSIVE;
				CLANG_CXX_LANGUAGE_STANDARD = "gnu++14";
				CLANG_CXX_LIBRARY = "libc++";
				CLANG_ENABLE_MODULES = YES;
				CLANG_ENABLE_OBJC_ARC = YES;
				CLANG_ENABLE_OBJC_WEAK = YES;
				CLANG_WARN_BLOCK_CAPTURE_AUTORELEASING = YES;
				CLANG_WARN_BOOL_CONVERSION = YES;
				CLANG_WARN_COMMA = YES;
				CLANG_WARN_CONSTANT_CONVERSION = YES;
				CLANG_WARN_DEPRECATED_OBJC_IMPLEMENTATIONS = YES;
				CLANG_WARN_DIRECT_OBJC_ISA_USAGE = YES_ERROR;
				CLANG_WARN_DOCUMENTATION_COMMENTS = YES;
				CLANG_WARN_EMPTY_BODY = YES;
				CLANG_WARN_ENUM_CONVERSION = YES;
				CLANG_WARN_INFINITE_RECURSION = YES;
				CLANG_WARN_INT_CONVERSION = YES;
				CLANG_WARN_NON_LITERAL_NULL_CONVERSION = YES;
				CLANG_WARN_OBJC_IMPLICIT_RETAIN_SELF = YES;
				CLANG_WARN_OBJC_LITERAL_CONVERSION = YES;
				CLANG_WARN_OBJC_ROOT_CLASS = YES_ERROR;
				CLANG_WARN_RANGE_LOOP_ANALYSIS = YES;
				CLANG_WARN_STRICT_PROTOTYPES = YES;
				CLANG_WARN_SUSPICIOUS_MOVE = YES;
				CLANG_WARN_UNGUARDED_AVAILABILITY = YES_AGGRESSIVE;
				CLANG_WARN_UNREACHABLE_CODE = YES;
				CLANG_WARN__DUPLICATE_METHOD_MATCH = YES;
				CODE_SIGN_IDENTITY = "iPhone Developer";
				COPY_PHASE_STRIP = NO;
				DEBUG_INFORMATION_FORMAT = "dwarf-with-dsym";
				ENABLE_NS_ASSERTIONS = NO;
				ENABLE_STRICT_OBJC_MSGSEND = YES;
				GCC_C_LANGUAGE_STANDARD = gnu11;
				GCC_NO_COMMON_BLOCKS = YES;
				GCC_WARN_64_TO_32_BIT_CONVERSION = YES;
				GCC_WARN_ABOUT_RETURN_TYPE = YES_ERROR;
				GCC_WARN_UNDECLARED_SELECTOR = YES;
				GCC_WARN_UNINITIALIZED_AUTOS = YES_AGGRESSIVE;
				GCC_WARN_UNUSED_FUNCTION = YES;
				GCC_WARN_UNUSED_VARIABLE = YES;
				IPHONEOS_DEPLOYMENT_TARGET = 12.0;
				MTL_ENABLE_DEBUG_INFO = NO;
				MTL_FAST_MATH = YES;
				SDKROOT = iphoneos;
				SWIFT_COMPILATION_MODE = wholemodule;
				SWIFT_OPTIMIZATION_LEVEL = "-O";
				VALIDATE_PRODUCT = YES;
			};
			name = Release;
		};
		4097A7AF217E36D500E6AEB3 /* Debug */ = {
			isa = XCBuildConfiguration;
			baseConfigurationReference = EE5AD6798F5041BC633B0869 /* Pods-SimpleVote.debug.xcconfig */;
			buildSettings = {
				ASSETCATALOG_COMPILER_APPICON_NAME = AppIcon;
				CODE_SIGN_STYLE = Automatic;
				DEVELOPMENT_TEAM = TK9372U7N9;
				INFOPLIST_FILE = SimpleVote/Info.plist;
				LD_RUNPATH_SEARCH_PATHS = (
					"$(inherited)",
					"@executable_path/Frameworks",
				);
				PRODUCT_BUNDLE_IDENTIFIER = LukeGao.SimpleVote;
				PRODUCT_NAME = "$(TARGET_NAME)";
				SWIFT_VERSION = 4.2;
				TARGETED_DEVICE_FAMILY = "1,2";
			};
			name = Debug;
		};
		4097A7B0217E36D500E6AEB3 /* Release */ = {
			isa = XCBuildConfiguration;
			baseConfigurationReference = 59B226BF5493DC1669E49586 /* Pods-SimpleVote.release.xcconfig */;
			buildSettings = {
				ASSETCATALOG_COMPILER_APPICON_NAME = AppIcon;
				CODE_SIGN_STYLE = Automatic;
				DEVELOPMENT_TEAM = TK9372U7N9;
				INFOPLIST_FILE = SimpleVote/Info.plist;
				LD_RUNPATH_SEARCH_PATHS = (
					"$(inherited)",
					"@executable_path/Frameworks",
				);
				PRODUCT_BUNDLE_IDENTIFIER = LukeGao.SimpleVote;
				PRODUCT_NAME = "$(TARGET_NAME)";
				SWIFT_VERSION = 4.2;
				TARGETED_DEVICE_FAMILY = "1,2";
			};
			name = Release;
		};
/* End XCBuildConfiguration section */

/* Begin XCConfigurationList section */
		4097A797217E36D500E6AEB3 /* Build configuration list for PBXProject "SimpleVote" */ = {
			isa = XCConfigurationList;
			buildConfigurations = (
				4097A7AC217E36D500E6AEB3 /* Debug */,
				4097A7AD217E36D500E6AEB3 /* Release */,
			);
			defaultConfigurationIsVisible = 0;
			defaultConfigurationName = Release;
		};
		4097A7AE217E36D500E6AEB3 /* Build configuration list for PBXNativeTarget "SimpleVote" */ = {
			isa = XCConfigurationList;
			buildConfigurations = (
				4097A7AF217E36D500E6AEB3 /* Debug */,
				4097A7B0217E36D500E6AEB3 /* Release */,
			);
			defaultConfigurationIsVisible = 0;
			defaultConfigurationName = Release;
		};
/* End XCConfigurationList section */
	};
	rootObject = 4097A794217E36D500E6AEB3 /* Project object */;
}
